
Microsoft Visual Studio Solution File, Format Version 12.00
# Visual Studio Version 17
VisualStudioVersion = 17.4.33110.190
MinimumVisualStudioVersion = 10.0.40219.1
Project("{FAE04EC0-301F-11D3-BF4B-00C04F79EFBC}") = "BitsOrchestraTest", "BitsOrchestraTest\BitsOrchestraTest.csproj", "{683E295E-2C54-4A02-BD6A-14992DF71432}"
EndProject
Global
	GlobalSection(SolutionConfigurationPlatforms) = preSolution
		Debug|Any CPU = Debug|Any CPU
		Release|Any CPU = Release|Any CPU
	EndGlobalSection
	GlobalSection(ProjectConfigurationPlatforms) = postSolution
		{683E295E-2C54-4A02-BD6A-14992DF71432}.Debug|Any CPU.ActiveCfg = Debug|Any CPU
		{683E295E-2C54-4A02-BD6A-14992DF71432}.Debug|Any CPU.Build.0 = Debug|Any CPU
		{683E295E-2C54-4A02-BD6A-14992DF71432}.Release|Any CPU.ActiveCfg = Release|Any CPU
		{683E295E-2C54-4A02-BD6A-14992DF71432}.Release|Any CPU.Build.0 = Release|Any CPU
	EndGlobalSection
	GlobalSection(SolutionProperties) = preSolution
		HideSolutionNode = FALSE
	EndGlobalSection
	GlobalSection(ExtensibilityGlobals) = postSolution
		SolutionGuid = {FE99936C-CB8F-40F5-A909-D4D3FE0EA902}
	EndGlobalSection
EndGlobal
